// !$*UTF8*$!
{
	archiveVersion = 1;
	classes = {
	};
	objectVersion = 46;
	objects = {

/* Begin PBXBuildFile section */
		1D2C0C231E0672160035273A /* main.m in Sources */ = {isa = PBXBuildFile; fileRef = 1D2C0C221E0672160035273A /* main.m */; };
		1D2C0C261E0672160035273A /* AppDelegate.m in Sources */ = {isa = PBXBuildFile; fileRef = 1D2C0C251E0672160035273A /* AppDelegate.m */; };
		1D2C0C291E0672160035273A /* ViewController.m in Sources */ = {isa = PBXBuildFile; fileRef = 1D2C0C281E0672160035273A /* ViewController.m */; };
		1D2C0C2C1E0672160035273A /* Main.storyboard in Resources */ = {isa = PBXBuildFile; fileRef = 1D2C0C2A1E0672160035273A /* Main.storyboard */; };
		1D2C0C2E1E0672160035273A /* Assets.xcassets in Resources */ = {isa = PBXBuildFile; fileRef = 1D2C0C2D1E0672160035273A /* Assets.xcassets */; };
		1D2C0C311E0672160035273A /* LaunchScreen.storyboard in Resources */ = {isa = PBXBuildFile; fileRef = 1D2C0C2F1E0672160035273A /* LaunchScreen.storyboard */; };
		1D2C0C421E0672940035273A /* NSArray+JSON.m in Sources */ = {isa = PBXBuildFile; fileRef = 1D2C0C3B1E0672940035273A /* NSArray+JSON.m */; };
		1D2C0C431E0672940035273A /* NSDictionary+JSON.m in Sources */ = {isa = PBXBuildFile; fileRef = 1D2C0C3D1E0672940035273A /* NSDictionary+JSON.m */; };
		1D2C0C441E0672940035273A /* NSObject+KVC.m in Sources */ = {isa = PBXBuildFile; fileRef = 1D2C0C3F1E0672940035273A /* NSObject+KVC.m */; };
		1D2C0C451E0672940035273A /* NSURL+Utility.m in Sources */ = {isa = PBXBuildFile; fileRef = 1D2C0C411E0672940035273A /* NSURL+Utility.m */; };
		1D2C0C4E1E0672AA0035273A /* OneController.m in Sources */ = {isa = PBXBuildFile; fileRef = 1D2C0C471E0672AA0035273A /* OneController.m */; };
		1D2C0C4F1E0672AA0035273A /* PresentController.m in Sources */ = {isa = PBXBuildFile; fileRef = 1D2C0C491E0672AA0035273A /* PresentController.m */; };
		1D2C0C501E0672AA0035273A /* ThreeViewController.m in Sources */ = {isa = PBXBuildFile; fileRef = 1D2C0C4B1E0672AA0035273A /* ThreeViewController.m */; };
		1D2C0C511E0672AA0035273A /* TwoController.m in Sources */ = {isa = PBXBuildFile; fileRef = 1D2C0C4D1E0672AA0035273A /* TwoController.m */; };
		1D2C0C541E0672C00035273A /* XCViewController.m in Sources */ = {isa = PBXBuildFile; fileRef = 1D2C0C531E0672C00035273A /* XCViewController.m */; };
		1D2C0C571E0672FA0035273A /* UIViewController+Navigation.m in Sources */ = {isa = PBXBuildFile; fileRef = 1D2C0C561E0672FA0035273A /* UIViewController+Navigation.m */; };
		1D2C0C5A1E06732A0035273A /* XCNavigationRouter.m in Sources */ = {isa = PBXBuildFile; fileRef = 1D2C0C591E06732A0035273A /* XCNavigationRouter.m */; };
		1D2C0C5D1E0680220035273A /* PageClassManager.m in Sources */ = {isa = PBXBuildFile; fileRef = 1D2C0C5C1E0680220035273A /* PageClassManager.m */; };
		1D2C0C601E06943F0035273A /* XCWebViewController.m in Sources */ = {isa = PBXBuildFile; fileRef = 1D2C0C5F1E06943F0035273A /* XCWebViewController.m */; };
/* End PBXBuildFile section */

/* Begin PBXFileReference section */
		1D2C0C1E1E0672160035273A /* gotoVC.app */ = {isa = PBXFileReference; explicitFileType = wrapper.application; includeInIndex = 0; path = gotoVC.app; sourceTree = BUILT_PRODUCTS_DIR; };
		1D2C0C221E0672160035273A /* main.m */ = {isa = PBXFileReference; lastKnownFileType = sourcecode.c.objc; path = main.m; sourceTree = "<group>"; };
		1D2C0C241E0672160035273A /* AppDelegate.h */ = {isa = PBXFileReference; lastKnownFileType = sourcecode.c.h; path = AppDelegate.h; sourceTree = "<group>"; };
		1D2C0C251E0672160035273A /* AppDelegate.m */ = {isa = PBXFileReference; lastKnownFileType = sourcecode.c.objc; path = AppDelegate.m; sourceTree = "<group>"; };
		1D2C0C271E0672160035273A /* ViewController.h */ = {isa = PBXFileReference; lastKnownFileType = sourcecode.c.h; path = ViewController.h; sourceTree = "<group>"; };
		1D2C0C281E0672160035273A /* ViewController.m */ = {isa = PBXFileReference; lastKnownFileType = sourcecode.c.objc; path = ViewController.m; sourceTree = "<group>"; };
		1D2C0C2B1E0672160035273A /* Base */ = {isa = PBXFileReference; lastKnownFileType = file.storyboard; name = Base; path = Base.lproj/Main.storyboard; sourceTree = "<group>"; };
		1D2C0C2D1E0672160035273A /* Assets.xcassets */ = {isa = PBXFileReference; lastKnownFileType = folder.assetcatalog; path = Assets.xcassets; sourceTree = "<group>"; };
		1D2C0C301E0672160035273A /* Base */ = {isa = PBXFileReference; lastKnownFileType = file.storyboard; name = Base; path = Base.lproj/LaunchScreen.storyboard; sourceTree = "<group>"; };
		1D2C0C321E0672160035273A /* Info.plist */ = {isa = PBXFileReference; lastKnownFileType = text.plist.xml; path = Info.plist; sourceTree = "<group>"; };
		1D2C0C3A1E0672940035273A /* NSArray+JSON.h */ = {isa = PBXFileReference; fileEncoding = 4; lastKnownFileType = sourcecode.c.h; path = "NSArray+JSON.h"; sourceTree = "<group>"; };
		1D2C0C3B1E0672940035273A /* NSArray+JSON.m */ = {isa = PBXFileReference; fileEncoding = 4; lastKnownFileType = sourcecode.c.objc; path = "NSArray+JSON.m"; sourceTree = "<group>"; };
		1D2C0C3C1E0672940035273A /* NSDictionary+JSON.h */ = {isa = PBXFileReference; fileEncoding = 4; lastKnownFileType = sourcecode.c.h; path = "NSDictionary+JSON.h"; sourceTree = "<group>"; };
		1D2C0C3D1E0672940035273A /* NSDictionary+JSON.m */ = {isa = PBXFileReference; fileEncoding = 4; lastKnownFileType = sourcecode.c.objc; path = "NSDictionary+JSON.m"; sourceTree = "<group>"; };
		1D2C0C3E1E0672940035273A /* NSObject+KVC.h */ = {isa = PBXFileReference; fileEncoding = 4; lastKnownFileType = sourcecode.c.h; path = "NSObject+KVC.h"; sourceTree = "<group>"; };
		1D2C0C3F1E0672940035273A /* NSObject+KVC.m */ = {isa = PBXFileReference; fileEncoding = 4; lastKnownFileType = sourcecode.c.objc; path = "NSObject+KVC.m"; sourceTree = "<group>"; };
		1D2C0C401E0672940035273A /* NSURL+Utility.h */ = {isa = PBXFileReference; fileEncoding = 4; lastKnownFileType = sourcecode.c.h; path = "NSURL+Utility.h"; sourceTree = "<group>"; };
		1D2C0C411E0672940035273A /* NSURL+Utility.m */ = {isa = PBXFileReference; fileEncoding = 4; lastKnownFileType = sourcecode.c.objc; path = "NSURL+Utility.m"; sourceTree = "<group>"; };
		1D2C0C461E0672AA0035273A /* OneController.h */ = {isa = PBXFileReference; fileEncoding = 4; lastKnownFileType = sourcecode.c.h; path = OneController.h; sourceTree = "<group>"; };
		1D2C0C471E0672AA0035273A /* OneController.m */ = {isa = PBXFileReference; fileEncoding = 4; lastKnownFileType = sourcecode.c.objc; path = OneController.m; sourceTree = "<group>"; };
		1D2C0C481E0672AA0035273A /* PresentController.h */ = {isa = PBXFileReference; fileEncoding = 4; lastKnownFileType = sourcecode.c.h; path = PresentController.h; sourceTree = "<group>"; };
		1D2C0C491E0672AA0035273A /* PresentController.m */ = {isa = PBXFileReference; fileEncoding = 4; lastKnownFileType = sourcecode.c.objc; path = PresentController.m; sourceTree = "<group>"; };
		1D2C0C4A1E0672AA0035273A /* ThreeViewController.h */ = {isa = PBXFileReference; fileEncoding = 4; lastKnownFileType = sourcecode.c.h; path = ThreeViewController.h; sourceTree = "<group>"; };
		1D2C0C4B1E0672AA0035273A /* ThreeViewController.m */ = {isa = PBXFileReference; fileEncoding = 4; lastKnownFileType = sourcecode.c.objc; path = ThreeViewController.m; sourceTree = "<group>"; };
		1D2C0C4C1E0672AA0035273A /* TwoController.h */ = {isa = PBXFileReference; fileEncoding = 4; lastKnownFileType = sourcecode.c.h; path = TwoController.h; sourceTree = "<group>"; };
		1D2C0C4D1E0672AA0035273A /* TwoController.m */ = {isa = PBXFileReference; fileEncoding = 4; lastKnownFileType = sourcecode.c.objc; path = TwoController.m; sourceTree = "<group>"; };
		1D2C0C521E0672C00035273A /* XCViewController.h */ = {isa = PBXFileReference; fileEncoding = 4; lastKnownFileType = sourcecode.c.h; path = XCViewController.h; sourceTree = "<group>"; };
		1D2C0C531E0672C00035273A /* XCViewController.m */ = {isa = PBXFileReference; fileEncoding = 4; lastKnownFileType = sourcecode.c.objc; path = XCViewController.m; sourceTree = "<group>"; };
		1D2C0C551E0672FA0035273A /* UIViewController+Navigation.h */ = {isa = PBXFileReference; fileEncoding = 4; lastKnownFileType = sourcecode.c.h; path = "UIViewController+Navigation.h"; sourceTree = "<group>"; };
		1D2C0C561E0672FA0035273A /* UIViewController+Navigation.m */ = {isa = PBXFileReference; fileEncoding = 4; lastKnownFileType = sourcecode.c.objc; path = "UIViewController+Navigation.m"; sourceTree = "<group>"; };
		1D2C0C581E06732A0035273A /* XCNavigationRouter.h */ = {isa = PBXFileReference; fileEncoding = 4; lastKnownFileType = sourcecode.c.h; path = XCNavigationRouter.h; sourceTree = "<group>"; };
		1D2C0C591E06732A0035273A /* XCNavigationRouter.m */ = {isa = PBXFileReference; fileEncoding = 4; lastKnownFileType = sourcecode.c.objc; path = XCNavigationRouter.m; sourceTree = "<group>"; };
		1D2C0C5B1E0680220035273A /* PageClassManager.h */ = {isa = PBXFileReference; fileEncoding = 4; lastKnownFileType = sourcecode.c.h; path = PageClassManager.h; sourceTree = "<group>"; };
		1D2C0C5C1E0680220035273A /* PageClassManager.m */ = {isa = PBXFileReference; fileEncoding = 4; lastKnownFileType = sourcecode.c.objc; path = PageClassManager.m; sourceTree = "<group>"; };
		1D2C0C5E1E06943F0035273A /* XCWebViewController.h */ = {isa = PBXFileReference; fileEncoding = 4; lastKnownFileType = sourcecode.c.h; path = XCWebViewController.h; sourceTree = "<group>"; };
		1D2C0C5F1E06943F0035273A /* XCWebViewController.m */ = {isa = PBXFileReference; fileEncoding = 4; lastKnownFileType = sourcecode.c.objc; path = XCWebViewController.m; sourceTree = "<group>"; };
/* End PBXFileReference section */

/* Begin PBXFrameworksBuildPhase section */
		1D2C0C1B1E0672160035273A /* Frameworks */ = {
			isa = PBXFrameworksBuildPhase;
			buildActionMask = 2147483647;
			files = (
			);
			runOnlyForDeploymentPostprocessing = 0;
		};
/* End PBXFrameworksBuildPhase section */

/* Begin PBXGroup section */
		1D2C0C151E0672160035273A = {
			isa = PBXGroup;
			children = (
				1D2C0C201E0672160035273A /* gotoVC */,
				1D2C0C1F1E0672160035273A /* Products */,
			);
			sourceTree = "<group>";
		};
		1D2C0C1F1E0672160035273A /* Products */ = {
			isa = PBXGroup;
			children = (
				1D2C0C1E1E0672160035273A /* gotoVC.app */,
			);
			name = Products;
			sourceTree = "<group>";
		};
		1D2C0C201E0672160035273A /* gotoVC */ = {
			isa = PBXGroup;
			children = (
				1D2C0C391E0672650035273A /* Category */,
				1D2C0C381E06725E0035273A /* Router */,
				1D2C0C241E0672160035273A /* AppDelegate.h */,
				1D2C0C251E0672160035273A /* AppDelegate.m */,
				1D2C0C271E0672160035273A /* ViewController.h */,
				1D2C0C281E0672160035273A /* ViewController.m */,
				1D2C0C461E0672AA0035273A /* OneController.h */,
				1D2C0C471E0672AA0035273A /* OneController.m */,
				1D2C0C481E0672AA0035273A /* PresentController.h */,
				1D2C0C491E0672AA0035273A /* PresentController.m */,
				1D2C0C4A1E0672AA0035273A /* ThreeViewController.h */,
				1D2C0C4B1E0672AA0035273A /* ThreeViewController.m */,
				1D2C0C4C1E0672AA0035273A /* TwoController.h */,
				1D2C0C4D1E0672AA0035273A /* TwoController.m */,
				1D2C0C2A1E0672160035273A /* Main.storyboard */,
				1D2C0C2D1E0672160035273A /* Assets.xcassets */,
				1D2C0C2F1E0672160035273A /* LaunchScreen.storyboard */,
				1D2C0C321E0672160035273A /* Info.plist */,
				1D2C0C211E0672160035273A /* Supporting Files */,
			);
			path = gotoVC;
			sourceTree = "<group>";
		};
		1D2C0C211E0672160035273A /* Supporting Files */ = {
			isa = PBXGroup;
			children = (
				1D2C0C221E0672160035273A /* main.m */,
			);
			name = "Supporting Files";
			sourceTree = "<group>";
		};
		1D2C0C381E06725E0035273A /* Router */ = {
			isa = PBXGroup;
			children = (
				1D2C0C521E0672C00035273A /* XCViewController.h */,
				1D2C0C531E0672C00035273A /* XCViewController.m */,
				1D2C0C5E1E06943F0035273A /* XCWebViewController.h */,
				1D2C0C5F1E06943F0035273A /* XCWebViewController.m */,
				1D2C0C581E06732A0035273A /* XCNavigationRouter.h */,
				1D2C0C591E06732A0035273A /* XCNavigationRouter.m */,
				1D2C0C5B1E0680220035273A /* PageClassManager.h */,
				1D2C0C5C1E0680220035273A /* PageClassManager.m */,
			);
			path = Router;
			sourceTree = "<group>";
		};
		1D2C0C391E0672650035273A /* Category */ = {
			isa = PBXGroup;
			children = (
				1D2C0C3A1E0672940035273A /* NSArray+JSON.h */,
				1D2C0C3B1E0672940035273A /* NSArray+JSON.m */,
				1D2C0C3C1E0672940035273A /* NSDictionary+JSON.h */,
				1D2C0C3D1E0672940035273A /* NSDictionary+JSON.m */,
				1D2C0C3E1E0672940035273A /* NSObject+KVC.h */,
				1D2C0C3F1E0672940035273A /* NSObject+KVC.m */,
				1D2C0C401E0672940035273A /* NSURL+Utility.h */,
				1D2C0C411E0672940035273A /* NSURL+Utility.m */,
				1D2C0C551E0672FA0035273A /* UIViewController+Navigation.h */,
				1D2C0C561E0672FA0035273A /* UIViewController+Navigation.m */,
			);
			path = Category;
			sourceTree = "<group>";
		};
/* End PBXGroup section */

/* Begin PBXNativeTarget section */
		1D2C0C1D1E0672160035273A /* gotoVC */ = {
			isa = PBXNativeTarget;
			buildConfigurationList = 1D2C0C351E0672160035273A /* Build configuration list for PBXNativeTarget "gotoVC" */;
			buildPhases = (
				1D2C0C1A1E0672160035273A /* Sources */,
				1D2C0C1B1E0672160035273A /* Frameworks */,
				1D2C0C1C1E0672160035273A /* Resources */,
			);
			buildRules = (
			);
			dependencies = (
			);
			name = gotoVC;
			productName = gotoVC;
			productReference = 1D2C0C1E1E0672160035273A /* gotoVC.app */;
			productType = "com.apple.product-type.application";
		};
/* End PBXNativeTarget section */

/* Begin PBXProject section */
		1D2C0C161E0672160035273A /* Project object */ = {
			isa = PBXProject;
			attributes = {
				LastUpgradeCheck = 0820;
				ORGANIZATIONNAME = SF;
				TargetAttributes = {
					1D2C0C1D1E0672160035273A = {
						CreatedOnToolsVersion = 8.2;
						DevelopmentTeam = VN226642G5;
						ProvisioningStyle = Automatic;
					};
				};
			};
			buildConfigurationList = 1D2C0C191E0672160035273A /* Build configuration list for PBXProject "gotoVC" */;
			compatibilityVersion = "Xcode 3.2";
			developmentRegion = English;
			hasScannedForEncodings = 0;
			knownRegions = (
				en,
				Base,
			);
			mainGroup = 1D2C0C151E0672160035273A;
			productRefGroup = 1D2C0C1F1E0672160035273A /* Products */;
			projectDirPath = "";
			projectRoot = "";
			targets = (
				1D2C0C1D1E0672160035273A /* gotoVC */,
			);
		};
/* End PBXProject section */

/* Begin PBXResourcesBuildPhase section */
		1D2C0C1C1E0672160035273A /* Resources */ = {
			isa = PBXResourcesBuildPhase;
			buildActionMask = 2147483647;
			files = (
				1D2C0C311E0672160035273A /* LaunchScreen.storyboard in Resources */,
				1D2C0C2E1E0672160035273A /* Assets.xcassets in Resources */,
				1D2C0C2C1E0672160035273A /* Main.storyboard in Resources */,
			);
			runOnlyForDeploymentPostprocessing = 0;
		};
/* End PBXResourcesBuildPhase section */

/* Begin PBXSourcesBuildPhase section */
		1D2C0C1A1E0672160035273A /* Sources */ = {
			isa = PBXSourcesBuildPhase;
			buildActionMask = 2147483647;
			files = (
				1D2C0C4E1E0672AA0035273A /* OneController.m in Sources */,
				1D2C0C5D1E0680220035273A /* PageClassManager.m in Sources */,
				1D2C0C571E0672FA0035273A /* UIViewController+Navigation.m in Sources */,
				1D2C0C4F1E0672AA0035273A /* PresentController.m in Sources */,
				1D2C0C291E0672160035273A /* ViewController.m in Sources */,
				1D2C0C431E0672940035273A /* NSDictionary+JSON.m in Sources */,
				1D2C0C441E0672940035273A /* NSObject+KVC.m in Sources */,
				1D2C0C261E0672160035273A /* AppDelegate.m in Sources */,
				1D2C0C601E06943F0035273A /* XCWebViewController.m in Sources */,
				1D2C0C511E0672AA0035273A /* TwoController.m in Sources */,
				1D2C0C421E0672940035273A /* NSArray+JSON.m in Sources */,
				1D2C0C5A1E06732A0035273A /* XCNavigationRouter.m in Sources */,
				1D2C0C451E0672940035273A /* NSURL+Utility.m in Sources */,
				1D2C0C231E0672160035273A /* main.m in Sources */,
				1D2C0C501E0672AA0035273A /* ThreeViewController.m in Sources */,
				1D2C0C541E0672C00035273A /* XCViewController.m in Sources */,
			);
			runOnlyForDeploymentPostprocessing = 0;
		};
/* End PBXSourcesBuildPhase section */

/* Begin PBXVariantGroup section */
		1D2C0C2A1E0672160035273A /* Main.storyboard */ = {
			isa = PBXVariantGroup;
			children = (
				1D2C0C2B1E0672160035273A /* Base */,
			);
			name = Main.storyboard;
			sourceTree = "<group>";
		};
		1D2C0C2F1E0672160035273A /* LaunchScreen.storyboard */ = {
			isa = PBXVariantGroup;
			children = (
				1D2C0C301E0672160035273A /* Base */,
			);
			name = LaunchScreen.storyboard;
			sourceTree = "<group>";
		};
/* End PBXVariantGroup section */

/* Begin XCBuildConfiguration section */
		1D2C0C331E0672160035273A /* Debug */ = {
			isa = XCBuildConfiguration;
			buildSettings = {
				ALWAYS_SEARCH_USER_PATHS = NO;
				CLANG_ANALYZER_NONNULL = YES;
				CLANG_CXX_LANGUAGE_STANDARD = "gnu++0x";
				CLANG_CXX_LIBRARY = "libc++";
				CLANG_ENABLE_MODULES = YES;
				CLANG_ENABLE_OBJC_ARC = YES;
				CLANG_WARN_BOOL_CONVERSION = YES;
				CLANG_WARN_CONSTANT_CONVERSION = YES;
				CLANG_WARN_DIRECT_OBJC_ISA_USAGE = YES_ERROR;
				CLANG_WARN_DOCUMENTATION_COMMENTS = YES;
				CLANG_WARN_EMPTY_BODY = YES;
				CLANG_WARN_ENUM_CONVERSION = YES;
				CLANG_WARN_INFINITE_RECURSION = YES;
				CLANG_WARN_INT_CONVERSION = YES;
				CLANG_WARN_OBJC_ROOT_CLASS = YES_ERROR;
				CLANG_WARN_SUSPICIOUS_MOVE = YES;
				CLANG_WARN_UNREACHABLE_CODE = YES;
				CLANG_WARN__DUPLICATE_METHOD_MATCH = YES;
				"CODE_SIGN_IDENTITY[sdk=iphoneos*]" = "iPhone Developer";
				COPY_PHASE_STRIP = NO;
				DEBUG_INFORMATION_FORMAT = dwarf;
				ENABLE_STRICT_OBJC_MSGSEND = YES;
				ENABLE_TESTABILITY = YES;
				GCC_C_LANGUAGE_STANDARD = gnu99;
				GCC_DYNAMIC_NO_PIC = NO;
				GCC_NO_COMMON_BLOCKS = YES;
				GCC_OPTIMIZATION_LEVEL = 0;
				GCC_PREPROCESSOR_DEFINITIONS = (
					"DEBUG=1",
					"$(inherited)",
				);
				GCC_WARN_64_TO_32_BIT_CONVERSION = YES;
				GCC_WARN_ABOUT_RETURN_TYPE = YES_ERROR;
				GCC_WARN_UNDECLARED_SELECTOR = YES;
				GCC_WARN_UNINITIALIZED_AUTOS = YES_AGGRESSIVE;
				GCC_WARN_UNUSED_FUNCTION = YES;
				GCC_WARN_UNUSED_VARIABLE = YES;
				IPHONEOS_DEPLOYMENT_TARGET = 10.2;
				MTL_ENABLE_DEBUG_INFO = YES;
				ONLY_ACTIVE_ARCH = YES;
				SDKROOT = iphoneos;
			};
			name = Debug;
		};
		1D2C0C341E0672160035273A /* Release */ = {
			isa = XCBuildConfiguration;
			buildSettings = {
				ALWAYS_SEARCH_USER_PATHS = NO;
				CLANG_ANALYZER_NONNULL = YES;
				CLANG_CXX_LANGUAGE_STANDARD = "gnu++0x";
				CLANG_CXX_LIBRARY = "libc++";
				CLANG_ENABLE_MODULES = YES;
				CLANG_ENABLE_OBJC_ARC = YES;
				CLANG_WARN_BOOL_CONVERSION = YES;
				CLANG_WARN_CONSTANT_CONVERSION = YES;
				CLANG_WARN_DIRECT_OBJC_ISA_USAGE = YES_ERROR;
				CLANG_WARN_DOCUMENTATION_COMMENTS = YES;
				CLANG_WARN_EMPTY_BODY = YES;
				CLANG_WARN_ENUM_CONVERSION = YES;
				CLANG_WARN_INFINITE_RECURSION = YES;
				CLANG_WARN_INT_CONVERSION = YES;
				CLANG_WARN_OBJC_ROOT_CLASS = YES_ERROR;
				CLANG_WARN_SUSPICIOUS_MOVE = YES;
				CLANG_WARN_UNREACHABLE_CODE = YES;
				CLANG_WARN__DUPLICATE_METHOD_MATCH = YES;
				"CODE_SIGN_IDENTITY[sdk=iphoneos*]" = "iPhone Developer";
				COPY_PHASE_STRIP = NO;
				DEBUG_INFORMATION_FORMAT = "dwarf-with-dsym";
				ENABLE_NS_ASSERTIONS = NO;
				ENABLE_STRICT_OBJC_MSGSEND = YES;
				GCC_C_LANGUAGE_STANDARD = gnu99;
				GCC_NO_COMMON_BLOCKS = YES;
				GCC_WARN_64_TO_32_BIT_CONVERSION = YES;
				GCC_WARN_ABOUT_RETURN_TYPE = YES_ERROR;
				GCC_WARN_UNDECLARED_SELECTOR = YES;
				GCC_WARN_UNINITIALIZED_AUTOS = YES_AGGRESSIVE;
				GCC_WARN_UNUSED_FUNCTION = YES;
				GCC_WARN_UNUSED_VARIABLE = YES;
				IPHONEOS_DEPLOYMENT_TARGET = 10.2;
				MTL_ENABLE_DEBUG_INFO = NO;
				SDKROOT = iphoneos;
				VALIDATE_PRODUCT = YES;
			};
			name = Release;
		};
		1D2C0C361E0672160035273A /* Debug */ = {
			isa = XCBuildConfiguration;
			buildSettings = {
				ASSETCATALOG_COMPILER_APPICON_NAME = AppIcon;
				DEVELOPMENT_TEAM = VN226642G5;
				INFOPLIST_FILE = gotoVC/Info.plist;
				LD_RUNPATH_SEARCH_PATHS = "$(inherited) @executable_path/Frameworks";
				PRODUCT_BUNDLE_IDENTIFIER = com.suifeng.gotoVC;
				PRODUCT_NAME = "$(TARGET_NAME)";
			};
			name = Debug;
		};
		1D2C0C371E0672160035273A /* Release */ = {
			isa = XCBuildConfiguration;
			buildSettings = {
				ASSETCATALOG_COMPILER_APPICON_NAME = AppIcon;
				DEVELOPMENT_TEAM = VN226642G5;
				INFOPLIST_FILE = gotoVC/Info.plist;
				LD_RUNPATH_SEARCH_PATHS = "$(inherited) @executable_path/Frameworks";
				PRODUCT_BUNDLE_IDENTIFIER = com.suifeng.gotoVC;
				PRODUCT_NAME = "$(TARGET_NAME)";
			};
			name = Release;
		};
/* End XCBuildConfiguration section */

/* Begin XCConfigurationList section */
		1D2C0C191E0672160035273A /* Build configuration list for PBXProject "gotoVC" */ = {
			isa = XCConfigurationList;
			buildConfigurations = (
				1D2C0C331E0672160035273A /* Debug */,
				1D2C0C341E0672160035273A /* Release */,
			);
			defaultConfigurationIsVisible = 0;
			defaultConfigurationName = Release;
		};
		1D2C0C351E0672160035273A /* Build configuration list for PBXNativeTarget "gotoVC" */ = {
			isa = XCConfigurationList;
			buildConfigurations = (
				1D2C0C361E0672160035273A /* Debug */,
				1D2C0C371E0672160035273A /* Release */,
			);
			defaultConfigurationIsVisible = 0;
			defaultConfigurationName = Release;
		};
/* End XCConfigurationList section */
	};
	rootObject = 1D2C0C161E0672160035273A /* Project object */;
}
